
Microsoft Visual Studio Solution File, Format Version 12.00
# Visual Studio Version 16
VisualStudioVersion = 16.0.32228.343
MinimumVisualStudioVersion = 10.0.40219.1
Project("{FAE04EC0-301F-11D3-BF4B-00C04F79EFBC}") = "Aplikacja_zaliczenie", "Aplikacja_zaliczenie.csproj", "{AF0729E3-44AD-4A97-A943-15F9A2615085}"
EndProject
Global
	GlobalSection(SolutionConfigurationPlatforms) = preSolution
		Debug|Any CPU = Debug|Any CPU
		Release|Any CPU = Release|Any CPU
	EndGlobalSection
	GlobalSection(ProjectConfigurationPlatforms) = postSolution
		{AF0729E3-44AD-4A97-A943-15F9A2615085}.Debug|Any CPU.ActiveCfg = Debug|Any CPU
		{AF0729E3-44AD-4A97-A943-15F9A2615085}.Debug|Any CPU.Build.0 = Debug|Any CPU
		{AF0729E3-44AD-4A97-A943-15F9A2615085}.Release|Any CPU.ActiveCfg = Release|Any CPU
		{AF0729E3-44AD-4A97-A943-15F9A2615085}.Release|Any CPU.Build.0 = Release|Any CPU
	EndGlobalSection
	GlobalSection(SolutionProperties) = preSolution
		HideSolutionNode = FALSE
	EndGlobalSection
	GlobalSection(ExtensibilityGlobals) = postSolution
		SolutionGuid = {8E9FB7EF-1AF5-4C57-B041-60DF772640E5}
	EndGlobalSection
EndGlobal
